
Microsoft Visual Studio Solution File, Format Version 12.00
# Visual Studio Version 16
VisualStudioVersion = 16.0.29306.81
MinimumVisualStudioVersion = 10.0.40219.1
Project("{FAE04EC0-301F-11D3-BF4B-00C04F79EFBC}") = "AppListFridgeUI", "AppListFridgeUI.csproj", "{F964B7D9-19A7-4EA3-8DF4-D09749708C8F}"
EndProject
Global
	GlobalSection(SolutionConfigurationPlatforms) = preSolution
		Debug|Any CPU = Debug|Any CPU
		Release|Any CPU = Release|Any CPU
	EndGlobalSection
	GlobalSection(ProjectConfigurationPlatforms) = postSolution
		{F964B7D9-19A7-4EA3-8DF4-D09749708C8F}.Debug|Any CPU.ActiveCfg = Debug|Any CPU
		{F964B7D9-19A7-4EA3-8DF4-D09749708C8F}.Debug|Any CPU.Build.0 = Debug|Any CPU
		{F964B7D9-19A7-4EA3-8DF4-D09749708C8F}.Release|Any CPU.ActiveCfg = Release|Any CPU
		{F964B7D9-19A7-4EA3-8DF4-D09749708C8F}.Release|Any CPU.Build.0 = Release|Any CPU
	EndGlobalSection
	GlobalSection(SolutionProperties) = preSolution
		HideSolutionNode = FALSE
	EndGlobalSection
	GlobalSection(ExtensibilityGlobals) = postSolution
		SolutionGuid = {0420D142-6D01-4565-9514-100C5BCFEF27}
	EndGlobalSection
EndGlobal
